
Microsoft Visual Studio Solution File, Format Version 12.00
# Visual Studio Version 17
VisualStudioVersion = 17.2.32526.322
MinimumVisualStudioVersion = 10.0.40219.1
Project("{FAE04EC0-301F-11D3-BF4B-00C04F79EFBC}") = "BackgroundTasks", "BackgroundTasks\BackgroundTasks.csproj", "{E5046F0E-4D83-47FE-9172-A45897FAD89D}"
EndProject
Global
	GlobalSection(SolutionConfigurationPlatforms) = preSolution
		Debug|Any CPU = Debug|Any CPU
		Release|Any CPU = Release|Any CPU
	EndGlobalSection
	GlobalSection(ProjectConfigurationPlatforms) = postSolution
		{E5046F0E-4D83-47FE-9172-A45897FAD89D}.Debug|Any CPU.ActiveCfg = Debug|Any CPU
		{E5046F0E-4D83-47FE-9172-A45897FAD89D}.Debug|Any CPU.Build.0 = Debug|Any CPU
		{E5046F0E-4D83-47FE-9172-A45897FAD89D}.Release|Any CPU.ActiveCfg = Release|Any CPU
		{E5046F0E-4D83-47FE-9172-A45897FAD89D}.Release|Any CPU.Build.0 = Release|Any CPU
	EndGlobalSection
	GlobalSection(SolutionProperties) = preSolution
		HideSolutionNode = FALSE
	EndGlobalSection
	GlobalSection(ExtensibilityGlobals) = postSolution
		SolutionGuid = {EE99EFC4-3A90-4A56-935E-C2A881ADEA37}
	EndGlobalSection
EndGlobal
